
Microsoft Visual Studio Solution File, Format Version 12.00
# Visual Studio Version 17
VisualStudioVersion = 17.0.31912.275
MinimumVisualStudioVersion = 15.0.26124.0
Project("{6EC3EE1D-3C4E-46DD-8F32-0CC8E7565705}") = "Vide.Fable.DevApp", "src\Vide.Fable.DevApp.fsproj", "{D3AAE2CF-5DFF-4C5C-A74C-C9568A2579F2}"
EndProject
Global
	GlobalSection(SolutionConfigurationPlatforms) = preSolution
		Debug|Any CPU = Debug|Any CPU
		Release|Any CPU = Release|Any CPU
	EndGlobalSection
	GlobalSection(ProjectConfigurationPlatforms) = postSolution
		{D3AAE2CF-5DFF-4C5C-A74C-C9568A2579F2}.Debug|Any CPU.ActiveCfg = Debug|Any CPU
		{D3AAE2CF-5DFF-4C5C-A74C-C9568A2579F2}.Debug|Any CPU.Build.0 = Debug|Any CPU
		{D3AAE2CF-5DFF-4C5C-A74C-C9568A2579F2}.Release|Any CPU.ActiveCfg = Release|Any CPU
		{D3AAE2CF-5DFF-4C5C-A74C-C9568A2579F2}.Release|Any CPU.Build.0 = Release|Any CPU
	EndGlobalSection
	GlobalSection(SolutionProperties) = preSolution
		HideSolutionNode = FALSE
	EndGlobalSection
	GlobalSection(ExtensibilityGlobals) = postSolution
		SolutionGuid = {BA9EFFD2-32F2-4B96-9AAC-189F510310BB}
	EndGlobalSection
EndGlobal
