
Microsoft Visual Studio Solution File, Format Version 12.00
# Visual Studio Version 17
VisualStudioVersion = 17.0.31903.59
MinimumVisualStudioVersion = 10.0.40219.1
Project("{F2A71F9B-5D33-465A-A702-920D77279786}") = "Vide.DiscreteTime", "Vide.DiscreteTime\Vide.DiscreteTime.fsproj", "{AB48D34A-471A-4A3A-B825-CAF68BC89A29}"
EndProject
Global
	GlobalSection(SolutionConfigurationPlatforms) = preSolution
		Debug|Any CPU = Debug|Any CPU
		Release|Any CPU = Release|Any CPU
	EndGlobalSection
	GlobalSection(SolutionProperties) = preSolution
		HideSolutionNode = FALSE
	EndGlobalSection
	GlobalSection(ProjectConfigurationPlatforms) = postSolution
		{AB48D34A-471A-4A3A-B825-CAF68BC89A29}.Debug|Any CPU.ActiveCfg = Debug|Any CPU
		{AB48D34A-471A-4A3A-B825-CAF68BC89A29}.Debug|Any CPU.Build.0 = Debug|Any CPU
		{AB48D34A-471A-4A3A-B825-CAF68BC89A29}.Release|Any CPU.ActiveCfg = Release|Any CPU
		{AB48D34A-471A-4A3A-B825-CAF68BC89A29}.Release|Any CPU.Build.0 = Release|Any CPU
	EndGlobalSection
EndGlobal
