
Microsoft Visual Studio Solution File, Format Version 12.00
# Visual Studio Version 17
VisualStudioVersion = 17.0.31611.283
MinimumVisualStudioVersion = 10.0.40219.1
Project("{F2A71F9B-5D33-465A-A702-920D77279786}") = "Vide.Common", "..\..\..\Vide.Common\src\Vide.Common\Vide.Common.fsproj", "{46C1A046-8814-40A1-ACEF-EDE6AD17C333}"
EndProject
Project("{6EC3EE1D-3C4E-46DD-8F32-0CC8E7565705}") = "Vide.Common.UI", "..\..\..\Vide.Common\src\Vide.Common.UI\Vide.Common.UI.fsproj", "{6CB0C914-EFC0-4E95-B114-14DC226A4CB3}"
EndProject
Project("{6EC3EE1D-3C4E-46DD-8F32-0CC8E7565705}") = "Vide.UI.Avalonia", "Vide.UI.Avalonia\Vide.UI.Avalonia.fsproj", "{2C252739-36FC-48F1-B519-7DCA2E9A8FC0}"
EndProject
Project("{F2A71F9B-5D33-465A-A702-920D77279786}") = "Vide.UI.Avalonia.Interactive", "Vide.UI.Avalonia.Interactive\Vide.UI.Avalonia.Interactive.fsproj", "{08F54B22-7E79-45C6-B524-58C0EE4AC10A}"
EndProject
Project("{F2A71F9B-5D33-465A-A702-920D77279786}") = "DevApp", "DevApp\DevApp.fsproj", "{3EFD27C1-86EF-427D-ABFB-893AEF8355E8}"
EndProject
Global
	GlobalSection(SolutionConfigurationPlatforms) = preSolution
		Debug|Any CPU = Debug|Any CPU
		Release|Any CPU = Release|Any CPU
	EndGlobalSection
	GlobalSection(ProjectConfigurationPlatforms) = postSolution
		{2C252739-36FC-48F1-B519-7DCA2E9A8FC0}.Debug|Any CPU.ActiveCfg = Debug|Any CPU
		{2C252739-36FC-48F1-B519-7DCA2E9A8FC0}.Debug|Any CPU.Build.0 = Debug|Any CPU
		{2C252739-36FC-48F1-B519-7DCA2E9A8FC0}.Release|Any CPU.ActiveCfg = Release|Any CPU
		{2C252739-36FC-48F1-B519-7DCA2E9A8FC0}.Release|Any CPU.Build.0 = Release|Any CPU
		{6CB0C914-EFC0-4E95-B114-14DC226A4CB3}.Debug|Any CPU.ActiveCfg = Debug|Any CPU
		{6CB0C914-EFC0-4E95-B114-14DC226A4CB3}.Debug|Any CPU.Build.0 = Debug|Any CPU
		{6CB0C914-EFC0-4E95-B114-14DC226A4CB3}.Release|Any CPU.ActiveCfg = Release|Any CPU
		{6CB0C914-EFC0-4E95-B114-14DC226A4CB3}.Release|Any CPU.Build.0 = Release|Any CPU
		{46C1A046-8814-40A1-ACEF-EDE6AD17C333}.Debug|Any CPU.ActiveCfg = Debug|Any CPU
		{46C1A046-8814-40A1-ACEF-EDE6AD17C333}.Debug|Any CPU.Build.0 = Debug|Any CPU
		{46C1A046-8814-40A1-ACEF-EDE6AD17C333}.Release|Any CPU.ActiveCfg = Release|Any CPU
		{46C1A046-8814-40A1-ACEF-EDE6AD17C333}.Release|Any CPU.Build.0 = Release|Any CPU
		{3EFD27C1-86EF-427D-ABFB-893AEF8355E8}.Debug|Any CPU.ActiveCfg = Debug|Any CPU
		{3EFD27C1-86EF-427D-ABFB-893AEF8355E8}.Debug|Any CPU.Build.0 = Debug|Any CPU
		{3EFD27C1-86EF-427D-ABFB-893AEF8355E8}.Release|Any CPU.ActiveCfg = Release|Any CPU
		{3EFD27C1-86EF-427D-ABFB-893AEF8355E8}.Release|Any CPU.Build.0 = Release|Any CPU
		{08F54B22-7E79-45C6-B524-58C0EE4AC10A}.Debug|Any CPU.ActiveCfg = Debug|Any CPU
		{08F54B22-7E79-45C6-B524-58C0EE4AC10A}.Debug|Any CPU.Build.0 = Debug|Any CPU
		{08F54B22-7E79-45C6-B524-58C0EE4AC10A}.Release|Any CPU.ActiveCfg = Release|Any CPU
		{08F54B22-7E79-45C6-B524-58C0EE4AC10A}.Release|Any CPU.Build.0 = Release|Any CPU
	EndGlobalSection
	GlobalSection(SolutionProperties) = preSolution
		HideSolutionNode = FALSE
	EndGlobalSection
	GlobalSection(ExtensibilityGlobals) = postSolution
		SolutionGuid = {61F7FB11-1E47-470C-91E2-47F8143E1572}
	EndGlobalSection
EndGlobal
