
Microsoft Visual Studio Solution File, Format Version 12.00
# Visual Studio Version 17
VisualStudioVersion = 17.0.31912.275
MinimumVisualStudioVersion = 15.0.26124.0
Project("{6EC3EE1D-3C4E-46DD-8F32-0CC8E7565705}") = "Vide.UI.Fable", "Vide.UI.Fable\Vide.UI.Fable.fsproj", "{8C2EF9C3-586B-48AC-B011-C7081C7027AE}"
EndProject
Project("{6EC3EE1D-3C4E-46DD-8F32-0CC8E7565705}") = "DevApp", "DevApp\src\DevApp.fsproj", "{83422735-CA81-4FF5-A8B7-7A18C1D5B88A}"
EndProject
Project("{6EC3EE1D-3C4E-46DD-8F32-0CC8E7565705}") = "HtmlApiGenerator", "HtmlApiGenerator\HtmlApiGenerator.fsproj", "{3BE15C07-98CF-4E13-826F-99388A29A317}"
EndProject
Project("{6EC3EE1D-3C4E-46DD-8F32-0CC8E7565705}") = "Vide.Common", "..\..\..\Vide.Common\src\Vide.Common\Vide.Common.fsproj", "{6968D15F-8038-475E-B5CB-D63DF4E90331}"
EndProject
Project("{2150E333-8FDC-42A3-9474-1A3956D46DE8}") = "Dev", "Dev", "{96A62ACF-8EB8-4981-B1B0-B409B4D0FDB0}"
EndProject
Project("{6EC3EE1D-3C4E-46DD-8F32-0CC8E7565705}") = "Tests", "Tests\tests\Tests.fsproj", "{F8AE37B5-3639-410A-ADD1-2D9E76220FD4}"
EndProject
Global
	GlobalSection(SolutionConfigurationPlatforms) = preSolution
		Debug|Any CPU = Debug|Any CPU
		Release|Any CPU = Release|Any CPU
	EndGlobalSection
	GlobalSection(ProjectConfigurationPlatforms) = postSolution
		{8C2EF9C3-586B-48AC-B011-C7081C7027AE}.Debug|Any CPU.ActiveCfg = Debug|Any CPU
		{8C2EF9C3-586B-48AC-B011-C7081C7027AE}.Debug|Any CPU.Build.0 = Debug|Any CPU
		{8C2EF9C3-586B-48AC-B011-C7081C7027AE}.Release|Any CPU.ActiveCfg = Release|Any CPU
		{8C2EF9C3-586B-48AC-B011-C7081C7027AE}.Release|Any CPU.Build.0 = Release|Any CPU
		{83422735-CA81-4FF5-A8B7-7A18C1D5B88A}.Debug|Any CPU.ActiveCfg = Debug|Any CPU
		{83422735-CA81-4FF5-A8B7-7A18C1D5B88A}.Debug|Any CPU.Build.0 = Debug|Any CPU
		{83422735-CA81-4FF5-A8B7-7A18C1D5B88A}.Release|Any CPU.ActiveCfg = Release|Any CPU
		{83422735-CA81-4FF5-A8B7-7A18C1D5B88A}.Release|Any CPU.Build.0 = Release|Any CPU
		{3BE15C07-98CF-4E13-826F-99388A29A317}.Debug|Any CPU.ActiveCfg = Debug|Any CPU
		{3BE15C07-98CF-4E13-826F-99388A29A317}.Debug|Any CPU.Build.0 = Debug|Any CPU
		{3BE15C07-98CF-4E13-826F-99388A29A317}.Release|Any CPU.ActiveCfg = Release|Any CPU
		{3BE15C07-98CF-4E13-826F-99388A29A317}.Release|Any CPU.Build.0 = Release|Any CPU
		{6968D15F-8038-475E-B5CB-D63DF4E90331}.Debug|Any CPU.ActiveCfg = Debug|Any CPU
		{6968D15F-8038-475E-B5CB-D63DF4E90331}.Debug|Any CPU.Build.0 = Debug|Any CPU
		{6968D15F-8038-475E-B5CB-D63DF4E90331}.Release|Any CPU.ActiveCfg = Release|Any CPU
		{6968D15F-8038-475E-B5CB-D63DF4E90331}.Release|Any CPU.Build.0 = Release|Any CPU
		{F8AE37B5-3639-410A-ADD1-2D9E76220FD4}.Debug|Any CPU.ActiveCfg = Debug|Any CPU
		{F8AE37B5-3639-410A-ADD1-2D9E76220FD4}.Debug|Any CPU.Build.0 = Debug|Any CPU
		{F8AE37B5-3639-410A-ADD1-2D9E76220FD4}.Release|Any CPU.ActiveCfg = Release|Any CPU
		{F8AE37B5-3639-410A-ADD1-2D9E76220FD4}.Release|Any CPU.Build.0 = Release|Any CPU
	EndGlobalSection
	GlobalSection(SolutionProperties) = preSolution
		HideSolutionNode = FALSE
	EndGlobalSection
	GlobalSection(NestedProjects) = preSolution
		{83422735-CA81-4FF5-A8B7-7A18C1D5B88A} = {96A62ACF-8EB8-4981-B1B0-B409B4D0FDB0}
		{3BE15C07-98CF-4E13-826F-99388A29A317} = {96A62ACF-8EB8-4981-B1B0-B409B4D0FDB0}
		{F8AE37B5-3639-410A-ADD1-2D9E76220FD4} = {96A62ACF-8EB8-4981-B1B0-B409B4D0FDB0}
	EndGlobalSection
	GlobalSection(ExtensibilityGlobals) = postSolution
		SolutionGuid = {BA9EFFD2-32F2-4B96-9AAC-189F510310BB}
	EndGlobalSection
EndGlobal
