
Microsoft Visual Studio Solution File, Format Version 12.00
# Visual Studio Version 17
VisualStudioVersion = 17.0.31903.59
MinimumVisualStudioVersion = 10.0.40219.1
Project("{F2A71F9B-5D33-465A-A702-920D77279786}") = "Vide.Common", "Vide.Common\Vide.Common.fsproj", "{27A2E46A-453B-43B2-84FB-502DB2FB1329}"
EndProject
Global
	GlobalSection(SolutionConfigurationPlatforms) = preSolution
		Debug|Any CPU = Debug|Any CPU
		Release|Any CPU = Release|Any CPU
	EndGlobalSection
	GlobalSection(SolutionProperties) = preSolution
		HideSolutionNode = FALSE
	EndGlobalSection
	GlobalSection(ProjectConfigurationPlatforms) = postSolution
		{27A2E46A-453B-43B2-84FB-502DB2FB1329}.Debug|Any CPU.ActiveCfg = Debug|Any CPU
		{27A2E46A-453B-43B2-84FB-502DB2FB1329}.Debug|Any CPU.Build.0 = Debug|Any CPU
		{27A2E46A-453B-43B2-84FB-502DB2FB1329}.Release|Any CPU.ActiveCfg = Release|Any CPU
		{27A2E46A-453B-43B2-84FB-502DB2FB1329}.Release|Any CPU.Build.0 = Release|Any CPU
	EndGlobalSection
EndGlobal
