
Microsoft Visual Studio Solution File, Format Version 12.00
# Visual Studio Version 17
VisualStudioVersion = 17.0.31912.275
MinimumVisualStudioVersion = 15.0.26124.0
Project("{6EC3EE1D-3C4E-46DD-8F32-0CC8E7565705}") = "Vide.Fable", "Vide.Fable\Vide.Fable.fsproj", "{8C2EF9C3-586B-48AC-B011-C7081C7027AE}"
EndProject
Project("{6EC3EE1D-3C4E-46DD-8F32-0CC8E7565705}") = "Vide.Common", "..\Vide.Common\Vide.Common\Vide.Common.fsproj", "{FB1AA86E-5A85-4B0F-A0EB-7A02EFFFF3D8}"
EndProject
Project("{2150E333-8FDC-42A3-9474-1A3956D46DE8}") = "Tools", "Tools", "{21D9ADB0-A709-4259-9104-9EDF3B8B854F}"
EndProject
Project("{6EC3EE1D-3C4E-46DD-8F32-0CC8E7565705}") = "Vide.Fable.DevApp", "DevApp\src\Vide.Fable.DevApp.fsproj", "{83422735-CA81-4FF5-A8B7-7A18C1D5B88A}"
EndProject
Project("{6EC3EE1D-3C4E-46DD-8F32-0CC8E7565705}") = "HtmlApiGenerator", "HtmlApiGenerator\HtmlApiGenerator.fsproj", "{3BE15C07-98CF-4E13-826F-99388A29A317}"
EndProject
Global
	GlobalSection(SolutionConfigurationPlatforms) = preSolution
		Debug|Any CPU = Debug|Any CPU
		Release|Any CPU = Release|Any CPU
	EndGlobalSection
	GlobalSection(ProjectConfigurationPlatforms) = postSolution
		{8C2EF9C3-586B-48AC-B011-C7081C7027AE}.Debug|Any CPU.ActiveCfg = Debug|Any CPU
		{8C2EF9C3-586B-48AC-B011-C7081C7027AE}.Debug|Any CPU.Build.0 = Debug|Any CPU
		{8C2EF9C3-586B-48AC-B011-C7081C7027AE}.Release|Any CPU.ActiveCfg = Release|Any CPU
		{8C2EF9C3-586B-48AC-B011-C7081C7027AE}.Release|Any CPU.Build.0 = Release|Any CPU
		{FB1AA86E-5A85-4B0F-A0EB-7A02EFFFF3D8}.Debug|Any CPU.ActiveCfg = Debug|Any CPU
		{FB1AA86E-5A85-4B0F-A0EB-7A02EFFFF3D8}.Debug|Any CPU.Build.0 = Debug|Any CPU
		{FB1AA86E-5A85-4B0F-A0EB-7A02EFFFF3D8}.Release|Any CPU.ActiveCfg = Release|Any CPU
		{FB1AA86E-5A85-4B0F-A0EB-7A02EFFFF3D8}.Release|Any CPU.Build.0 = Release|Any CPU
		{83422735-CA81-4FF5-A8B7-7A18C1D5B88A}.Debug|Any CPU.ActiveCfg = Debug|Any CPU
		{83422735-CA81-4FF5-A8B7-7A18C1D5B88A}.Debug|Any CPU.Build.0 = Debug|Any CPU
		{83422735-CA81-4FF5-A8B7-7A18C1D5B88A}.Release|Any CPU.ActiveCfg = Release|Any CPU
		{83422735-CA81-4FF5-A8B7-7A18C1D5B88A}.Release|Any CPU.Build.0 = Release|Any CPU
		{3BE15C07-98CF-4E13-826F-99388A29A317}.Debug|Any CPU.ActiveCfg = Debug|Any CPU
		{3BE15C07-98CF-4E13-826F-99388A29A317}.Debug|Any CPU.Build.0 = Debug|Any CPU
		{3BE15C07-98CF-4E13-826F-99388A29A317}.Release|Any CPU.ActiveCfg = Release|Any CPU
		{3BE15C07-98CF-4E13-826F-99388A29A317}.Release|Any CPU.Build.0 = Release|Any CPU
	EndGlobalSection
	GlobalSection(SolutionProperties) = preSolution
		HideSolutionNode = FALSE
	EndGlobalSection
	GlobalSection(NestedProjects) = preSolution
		{3BE15C07-98CF-4E13-826F-99388A29A317} = {21D9ADB0-A709-4259-9104-9EDF3B8B854F}
	EndGlobalSection
	GlobalSection(ExtensibilityGlobals) = postSolution
		SolutionGuid = {BA9EFFD2-32F2-4B96-9AAC-189F510310BB}
	EndGlobalSection
EndGlobal
