
Microsoft Visual Studio Solution File, Format Version 12.00
# Visual Studio Version 17
VisualStudioVersion = 17.0.31912.275
MinimumVisualStudioVersion = 15.0.26124.0
Project("{6EC3EE1D-3C4E-46DD-8F32-0CC8E7565705}") = "Vide.Common", "..\..\Vide.Common\src\Vide.Common\Vide.Common.fsproj", "{6968D15F-8038-475E-B5CB-D63DF4E90331}"
EndProject
Project("{6EC3EE1D-3C4E-46DD-8F32-0CC8E7565705}") = "Vide.WebSharper", "Vide.WebSharper\Vide.WebSharper.fsproj", "{FB12E11D-84DF-46B2-AFBB-6A02AA3DB412}"
EndProject
Project("{2150E333-8FDC-42A3-9474-1A3956D46DE8}") = "Fable", "Fable", "{CA5C7B7E-51B8-4C07-BFD7-210C41731216}"
	ProjectSection(SolutionItems) = preProject
		..\..\Vide.Fable\src\DevApp\src\App.fs = ..\..\Vide.Fable\src\DevApp\src\App.fs
		..\..\Vide.Fable\src\DevApp\src\Demos.fs = ..\..\Vide.Fable\src\DevApp\src\Demos.fs
		..\..\Vide.Fable\src\Vide.Fable\Fable.fs = ..\..\Vide.Fable\src\Vide.Fable\Fable.fs
		..\..\Vide.Fable\src\Vide.Fable\htmlApi.fs = ..\..\Vide.Fable\src\Vide.Fable\htmlApi.fs
		..\..\Vide.Fable\src\Vide.Fable\HtmlApiPreparation.fs = ..\..\Vide.Fable\src\Vide.Fable\HtmlApiPreparation.fs
		..\..\Vide.Fable\src\DevApp\public\index.css = ..\..\Vide.Fable\src\DevApp\public\index.css
		..\..\Vide.Fable\src\DevApp\index.html = ..\..\Vide.Fable\src\DevApp\index.html
	EndProjectSection
EndProject
Project("{6EC3EE1D-3C4E-46DD-8F32-0CC8E7565705}") = "DevApp", "DevApp\DevApp.fsproj", "{68B1C7E1-D54A-47CD-8415-9D3D5FD946BF}"
EndProject
Global
	GlobalSection(SolutionConfigurationPlatforms) = preSolution
		Debug|Any CPU = Debug|Any CPU
		Release|Any CPU = Release|Any CPU
	EndGlobalSection
	GlobalSection(ProjectConfigurationPlatforms) = postSolution
		{6968D15F-8038-475E-B5CB-D63DF4E90331}.Debug|Any CPU.ActiveCfg = Debug|Any CPU
		{6968D15F-8038-475E-B5CB-D63DF4E90331}.Debug|Any CPU.Build.0 = Debug|Any CPU
		{6968D15F-8038-475E-B5CB-D63DF4E90331}.Release|Any CPU.ActiveCfg = Release|Any CPU
		{6968D15F-8038-475E-B5CB-D63DF4E90331}.Release|Any CPU.Build.0 = Release|Any CPU
		{FB12E11D-84DF-46B2-AFBB-6A02AA3DB412}.Debug|Any CPU.ActiveCfg = Debug|Any CPU
		{FB12E11D-84DF-46B2-AFBB-6A02AA3DB412}.Debug|Any CPU.Build.0 = Debug|Any CPU
		{FB12E11D-84DF-46B2-AFBB-6A02AA3DB412}.Release|Any CPU.ActiveCfg = Release|Any CPU
		{FB12E11D-84DF-46B2-AFBB-6A02AA3DB412}.Release|Any CPU.Build.0 = Release|Any CPU
		{68B1C7E1-D54A-47CD-8415-9D3D5FD946BF}.Debug|Any CPU.ActiveCfg = Debug|Any CPU
		{68B1C7E1-D54A-47CD-8415-9D3D5FD946BF}.Debug|Any CPU.Build.0 = Debug|Any CPU
		{68B1C7E1-D54A-47CD-8415-9D3D5FD946BF}.Release|Any CPU.ActiveCfg = Release|Any CPU
		{68B1C7E1-D54A-47CD-8415-9D3D5FD946BF}.Release|Any CPU.Build.0 = Release|Any CPU
	EndGlobalSection
	GlobalSection(SolutionProperties) = preSolution
		HideSolutionNode = FALSE
	EndGlobalSection
	GlobalSection(ExtensibilityGlobals) = postSolution
		SolutionGuid = {BA9EFFD2-32F2-4B96-9AAC-189F510310BB}
	EndGlobalSection
EndGlobal
